<Solution>
  <Folder Name="/src/">
    <Project Path="src/Adapters/Adapters.csproj" />
    <Project Path="src/Application/Application.csproj" />
    <Project Path="src/Entities/Entities.csproj" />
  </Folder>
  <Folder Name="/tests/">
    <Project Path="tests/Tests.E2E/Tests.E2E.csproj" />
    <Project Path="tests/Tests/Tests.csproj" />
  </Folder>
</Solution>
